
Microsoft Visual Studio Solution File, Format Version 12.00
# Visual Studio Version 17
VisualStudioVersion = 17.3.32922.545
MinimumVisualStudioVersion = 10.0.40219.1
Project("{FAE04EC0-301F-11D3-BF4B-00C04F79EFBC}") = "RuedaFinal", "RuedaFinal\RuedaFinal.csproj", "{A996ADA8-22AA-403A-9B25-FCBE002BD7D4}"
EndProject
Global
	GlobalSection(SolutionConfigurationPlatforms) = preSolution
		Debug|Any CPU = Debug|Any CPU
		Release|Any CPU = Release|Any CPU
	EndGlobalSection
	GlobalSection(ProjectConfigurationPlatforms) = postSolution
		{A996ADA8-22AA-403A-9B25-FCBE002BD7D4}.Debug|Any CPU.ActiveCfg = Debug|Any CPU
		{A996ADA8-22AA-403A-9B25-FCBE002BD7D4}.Debug|Any CPU.Build.0 = Debug|Any CPU
		{A996ADA8-22AA-403A-9B25-FCBE002BD7D4}.Release|Any CPU.ActiveCfg = Release|Any CPU
		{A996ADA8-22AA-403A-9B25-FCBE002BD7D4}.Release|Any CPU.Build.0 = Release|Any CPU
	EndGlobalSection
	GlobalSection(SolutionProperties) = preSolution
		HideSolutionNode = FALSE
	EndGlobalSection
	GlobalSection(ExtensibilityGlobals) = postSolution
		SolutionGuid = {44A88AF2-BDC6-4693-8AA3-FFB24639813D}
	EndGlobalSection
EndGlobal
